
Microsoft Visual Studio Solution File, Format Version 12.00
# Visual Studio Version 17
VisualStudioVersion = 17.7.33808.371
MinimumVisualStudioVersion = 10.0.40219.1
Project("{9A19103F-16F7-4668-BE54-9A1E7A4F7556}") = "E-commerceWeb", "E-commerceWeb\E-commerceWeb.csproj", "{56D50AC7-9DF5-4124-9684-29BB16C082E8}"
EndProject
Project("{9A19103F-16F7-4668-BE54-9A1E7A4F7556}") = "E-commerce.DataAccess", "E-commerce.DataAccess\E-commerce.DataAccess.csproj", "{FDE2F346-FE6B-43E2-860C-6A6159F7D4C9}"
EndProject
Project("{9A19103F-16F7-4668-BE54-9A1E7A4F7556}") = "E-commerce.Models", "E-commerce.Models\E-commerce.Models.csproj", "{B0FA0D3F-2851-4AF2-BB36-2FE0519B28CF}"
EndProject
Project("{9A19103F-16F7-4668-BE54-9A1E7A4F7556}") = "E-commerce.Utility", "E-commerce.Utility\E-commerce.Utility.csproj", "{0B6A2881-CD32-47A2-BFA3-7E7C31656401}"
EndProject
Global
	GlobalSection(SolutionConfigurationPlatforms) = preSolution
		Debug|Any CPU = Debug|Any CPU
		Release|Any CPU = Release|Any CPU
	EndGlobalSection
	GlobalSection(ProjectConfigurationPlatforms) = postSolution
		{56D50AC7-9DF5-4124-9684-29BB16C082E8}.Debug|Any CPU.ActiveCfg = Debug|Any CPU
		{56D50AC7-9DF5-4124-9684-29BB16C082E8}.Debug|Any CPU.Build.0 = Debug|Any CPU
		{56D50AC7-9DF5-4124-9684-29BB16C082E8}.Release|Any CPU.ActiveCfg = Release|Any CPU
		{56D50AC7-9DF5-4124-9684-29BB16C082E8}.Release|Any CPU.Build.0 = Release|Any CPU
		{FDE2F346-FE6B-43E2-860C-6A6159F7D4C9}.Debug|Any CPU.ActiveCfg = Debug|Any CPU
		{FDE2F346-FE6B-43E2-860C-6A6159F7D4C9}.Debug|Any CPU.Build.0 = Debug|Any CPU
		{FDE2F346-FE6B-43E2-860C-6A6159F7D4C9}.Release|Any CPU.ActiveCfg = Release|Any CPU
		{FDE2F346-FE6B-43E2-860C-6A6159F7D4C9}.Release|Any CPU.Build.0 = Release|Any CPU
		{B0FA0D3F-2851-4AF2-BB36-2FE0519B28CF}.Debug|Any CPU.ActiveCfg = Debug|Any CPU
		{B0FA0D3F-2851-4AF2-BB36-2FE0519B28CF}.Debug|Any CPU.Build.0 = Debug|Any CPU
		{B0FA0D3F-2851-4AF2-BB36-2FE0519B28CF}.Release|Any CPU.ActiveCfg = Release|Any CPU
		{B0FA0D3F-2851-4AF2-BB36-2FE0519B28CF}.Release|Any CPU.Build.0 = Release|Any CPU
		{0B6A2881-CD32-47A2-BFA3-7E7C31656401}.Debug|Any CPU.ActiveCfg = Debug|Any CPU
		{0B6A2881-CD32-47A2-BFA3-7E7C31656401}.Debug|Any CPU.Build.0 = Debug|Any CPU
		{0B6A2881-CD32-47A2-BFA3-7E7C31656401}.Release|Any CPU.ActiveCfg = Release|Any CPU
		{0B6A2881-CD32-47A2-BFA3-7E7C31656401}.Release|Any CPU.Build.0 = Release|Any CPU
	EndGlobalSection
	GlobalSection(SolutionProperties) = preSolution
		HideSolutionNode = FALSE
	EndGlobalSection
	GlobalSection(ExtensibilityGlobals) = postSolution
		SolutionGuid = {F80BEBA6-4C56-4EE0-9DAE-526D0FB2BD1B}
	EndGlobalSection
EndGlobal
